
Microsoft Visual Studio Solution File, Format Version 12.00
# Visual Studio 14
VisualStudioVersion = 14.0.25123.0
MinimumVisualStudioVersion = 10.0.40219.1
Project("{FAE04EC0-301F-11D3-BF4B-00C04F79EFBC}") = "SimpleMvvmSamples.WPF", "SimpleMvvmSamples.WPF\SimpleMvvmSamples.WPF.csproj", "{7C2582A3-69B2-4001-A8B4-B78BBC60CC8B}"
EndProject
Project("{2150E333-8FDC-42A3-9474-1A3956D46DE8}") = "Solution Items", "Solution Items", "{B5F3AA18-ED4F-486D-BB72-52ACC7439ECD}"
	ProjectSection(SolutionItems) = preProject
		ReadMe.md = ReadMe.md
	EndProjectSection
EndProject
Global
	GlobalSection(SolutionConfigurationPlatforms) = preSolution
		Debug|Any CPU = Debug|Any CPU
		Release|Any CPU = Release|Any CPU
	EndGlobalSection
	GlobalSection(ProjectConfigurationPlatforms) = postSolution
		{7C2582A3-69B2-4001-A8B4-B78BBC60CC8B}.Debug|Any CPU.ActiveCfg = Debug|Any CPU
		{7C2582A3-69B2-4001-A8B4-B78BBC60CC8B}.Debug|Any CPU.Build.0 = Debug|Any CPU
		{7C2582A3-69B2-4001-A8B4-B78BBC60CC8B}.Release|Any CPU.ActiveCfg = Release|Any CPU
		{7C2582A3-69B2-4001-A8B4-B78BBC60CC8B}.Release|Any CPU.Build.0 = Release|Any CPU
	EndGlobalSection
	GlobalSection(SolutionProperties) = preSolution
		HideSolutionNode = FALSE
	EndGlobalSection
EndGlobal
